
Microsoft Visual Studio Solution File, Format Version 12.00
# Visual Studio Version 16
VisualStudioVersion = 16.0.32602.291
MinimumVisualStudioVersion = 10.0.40219.1
Project("{FAE04EC0-301F-11D3-BF4B-00C04F79EFBC}") = "kamehamehaa", "kamehamehaa\kamehamehaa.csproj", "{D9441451-9E3E-43B3-B433-AAEFB51E4497}"
EndProject
Global
	GlobalSection(SolutionConfigurationPlatforms) = preSolution
		Debug|Any CPU = Debug|Any CPU
		Release|Any CPU = Release|Any CPU
	EndGlobalSection
	GlobalSection(ProjectConfigurationPlatforms) = postSolution
		{D9441451-9E3E-43B3-B433-AAEFB51E4497}.Debug|Any CPU.ActiveCfg = Debug|Any CPU
		{D9441451-9E3E-43B3-B433-AAEFB51E4497}.Debug|Any CPU.Build.0 = Debug|Any CPU
		{D9441451-9E3E-43B3-B433-AAEFB51E4497}.Release|Any CPU.ActiveCfg = Release|Any CPU
		{D9441451-9E3E-43B3-B433-AAEFB51E4497}.Release|Any CPU.Build.0 = Release|Any CPU
	EndGlobalSection
	GlobalSection(SolutionProperties) = preSolution
		HideSolutionNode = FALSE
	EndGlobalSection
	GlobalSection(ExtensibilityGlobals) = postSolution
		SolutionGuid = {99C4BF27-7E59-46FE-B620-AF7A39F4E8D1}
	EndGlobalSection
EndGlobal
